
Microsoft Visual Studio Solution File, Format Version 12.00
# Visual Studio 15
VisualStudioVersion = 15.0.28010.2050
MinimumVisualStudioVersion = 10.0.40219.1
Project("{FAE04EC0-301F-11D3-BF4B-00C04F79EFBC}") = "ChartLineRendering", "ChartLineRendering\ChartLineRendering.csproj", "{C494E6AE-0206-457E-8869-1E9505B36340}"
EndProject
Global
	GlobalSection(SolutionConfigurationPlatforms) = preSolution
		Debug|Any CPU = Debug|Any CPU
		Release|Any CPU = Release|Any CPU
	EndGlobalSection
	GlobalSection(ProjectConfigurationPlatforms) = postSolution
		{C494E6AE-0206-457E-8869-1E9505B36340}.Debug|Any CPU.ActiveCfg = Debug|Any CPU
		{C494E6AE-0206-457E-8869-1E9505B36340}.Debug|Any CPU.Build.0 = Debug|Any CPU
		{C494E6AE-0206-457E-8869-1E9505B36340}.Release|Any CPU.ActiveCfg = Release|Any CPU
		{C494E6AE-0206-457E-8869-1E9505B36340}.Release|Any CPU.Build.0 = Release|Any CPU
	EndGlobalSection
	GlobalSection(SolutionProperties) = preSolution
		HideSolutionNode = FALSE
	EndGlobalSection
	GlobalSection(ExtensibilityGlobals) = postSolution
		SolutionGuid = {29382CB2-30E0-42DE-AB01-EEAE2507DF3A}
	EndGlobalSection
EndGlobal
